<?xml version="1.0" encoding="utf-8"?>
<Project ToolsVersion="4.0" xmlns="http://schemas.microsoft.com/developer/msbuild/2003">
  <ItemGroup>
    <ClCompile Include="Game.cpp">
      <Filter>Core</Filter>
    </ClCompile>
    <ClCompile Include="Renderer.cpp">
      <Filter>Core</Filter>
    </ClCompile>
    <ClCompile Include="FileLoader.cpp">
      <Filter>Core</Filter>
    </ClCompile>
    <ClCompile Include="Main.cpp">
      <Filter>Core</Filter>
    </ClCompile>
    <ClCompile Include="GameObject.cpp">
      <Filter>GameObject</Filter>
    </ClCompile>
    <ClCompile Include="GameObjectFactory.cpp">
      <Filter>GameObject</Filter>
    </ClCompile>
    <ClCompile Include="GameObjectComponent.cpp">
      <Filter>GameObject\Components</Filter>
    </ClCompile>
    <ClCompile Include="TransformComponent.cpp">
      <Filter>GameObject\Components</Filter>
    </ClCompile>
    <ClCompile Include="Vector3.cpp">
      <Filter>Utilities</Filter>
    </ClCompile>
    <ClCompile Include="RenderComponent.cpp">
      <Filter>GameObject\Components</Filter>
    </ClCompile>
    <ClCompile Include="GameObjectComponentFactory.cpp">
      <Filter>GameObject\Components</Filter>
    </ClCompile>
    <ClCompile Include="CameraComponent.cpp">
      <Filter>GameObject\Components</Filter>
    </ClCompile>
    <ClCompile Include="InputManager.cpp">
      <Filter>Core</Filter>
    </ClCompile>
    <ClCompile Include="Command.cpp">
      <Filter>CommandPattern</Filter>
    </ClCompile>
    <ClCompile Include="CameraMoveCommand.cpp">
      <Filter>CommandPattern</Filter>
    </ClCompile>
    <ClCompile Include="AssetManager.cpp">
      <Filter>Core</Filter>
    </ClCompile>
    <ClCompile Include="Material.cpp">
      <Filter>Assets</Filter>
    </ClCompile>
    <ClCompile Include="Mesh.cpp">
      <Filter>Assets</Filter>
    </ClCompile>
    <ClCompile Include="CameraRotateCommand.cpp">
      <Filter>CommandPattern</Filter>
    </ClCompile>
    <ClCompile Include="Vector2.cpp">
      <Filter>Utilities</Filter>
    </ClCompile>
    <ClCompile Include="Time.cpp">
      <Filter>Utilities</Filter>
    </ClCompile>
    <ClCompile Include="CharacterController.cpp">
      <Filter>GameObject\Components</Filter>
    </ClCompile>
    <ClCompile Include="MovePlayerCommand.cpp">
      <Filter>CommandPattern</Filter>
    </ClCompile>
    <ClCompile Include="Rigidbody.cpp">
      <Filter>GameObject\Components</Filter>
    </ClCompile>
    <ClCompile Include="Color.cpp">
      <Filter>Utilities</Filter>
    </ClCompile>
    <ClCompile Include="EnemyAIComponent.cpp">
      <Filter>GameObject\Components</Filter>
    </ClCompile>
    <ClCompile Include="SpawnManager.cpp">
      <Filter>Core</Filter>
    </ClCompile>
    <ClCompile Include="PlayerChaserBehavior.cpp">
      <Filter>GameObject\EnemyBehaviors</Filter>
    </ClCompile>
    <ClCompile Include="EnemyFloaterBehavior.cpp">
      <Filter>GameObject\EnemyBehaviors</Filter>
    </ClCompile>
    <ClCompile Include="CollisionSystem.cpp">
      <Filter>Core</Filter>
    </ClCompile>
    <ClCompile Include="Collider.cpp">
      <Filter>GameObject\Components</Filter>
    </ClCompile>
    <ClCompile Include="CollisionResponse.cpp">
      <Filter>GameObject\CollisionResponses</Filter>
    </ClCompile>
    <ClCompile Include="PlayerCollisionResponse.cpp">
      <Filter>GameObject\CollisionResponses</Filter>
    </ClCompile>
    <ClCompile Include="EnemyCollisionResponse.cpp">
      <Filter>GameObject\CollisionResponses</Filter>
    </ClCompile>
    <ClCompile Include="CharacterStats.cpp">
      <Filter>GameObject\Components</Filter>
    </ClCompile>
    <ClCompile Include="StringMerger.cpp">
      <Filter>Utilities</Filter>
    </ClCompile>
    <ClCompile Include="EventSystem.cpp">
      <Filter>Core\EventSystem</Filter>
    </ClCompile>
    <ClCompile Include="Event.cpp">
      <Filter>Core\EventSystem</Filter>
    </ClCompile>
  </ItemGroup>
  <ItemGroup>
    <ClInclude Include="Game.h">
      <Filter>Core</Filter>
    </ClInclude>
    <ClInclude Include="Renderer.h">
      <Filter>Core</Filter>
    </ClInclude>
    <ClInclude Include="FileLoader.h">
      <Filter>Core</Filter>
    </ClInclude>
    <ClInclude Include="GameObjectComponent.h">
      <Filter>GameObject\Components</Filter>
    </ClInclude>
    <ClInclude Include="TransformComponent.h">
      <Filter>GameObject\Components</Filter>
    </ClInclude>
    <ClInclude Include="Vector3.h">
      <Filter>Utilities</Filter>
    </ClInclude>
    <ClInclude Include="GameObject.h">
      <Filter>GameObject</Filter>
    </ClInclude>
    <ClInclude Include="GameObjectFactory.h">
      <Filter>GameObject</Filter>
    </ClInclude>
    <ClInclude Include="GameObjectComponentFactory.h">
      <Filter>GameObject\Components</Filter>
    </ClInclude>
    <ClInclude Include="RenderComponent.h">
      <Filter>GameObject\Components</Filter>
    </ClInclude>
    <ClInclude Include="Enums.h">
      <Filter>Utilities</Filter>
    </ClInclude>
    <ClInclude Include="Constants.h">
      <Filter>Utilities</Filter>
    </ClInclude>
    <ClInclude Include="CameraComponent.h">
      <Filter>GameObject\Components</Filter>
    </ClInclude>
    <ClInclude Include="InputManager.h">
      <Filter>Core</Filter>
    </ClInclude>
    <ClInclude Include="Command.h">
      <Filter>CommandPattern</Filter>
    </ClInclude>
    <ClInclude Include="CameraMoveCommand.h">
      <Filter>CommandPattern</Filter>
    </ClInclude>
    <ClInclude Include="Time.h">
      <Filter>Utilities</Filter>
    </ClInclude>
    <ClInclude Include="AssetManager.h">
      <Filter>Core</Filter>
    </ClInclude>
    <ClInclude Include="Material.h">
      <Filter>Assets</Filter>
    </ClInclude>
    <ClInclude Include="Mesh.h">
      <Filter>Assets</Filter>
    </ClInclude>
    <ClInclude Include="CameraRotateCommand.h">
      <Filter>CommandPattern</Filter>
    </ClInclude>
    <ClInclude Include="Vector2.h">
      <Filter>Utilities</Filter>
    </ClInclude>
    <ClInclude Include="Utility.h">
      <Filter>Utilities</Filter>
    </ClInclude>
    <ClInclude Include="MovePlayerCommand.h">
      <Filter>CommandPattern</Filter>
    </ClInclude>
    <ClInclude Include="CharacterController.h">
      <Filter>GameObject\Components</Filter>
    </ClInclude>
    <ClInclude Include="Rigidbody.h">
      <Filter>GameObject\Components</Filter>
    </ClInclude>
    <ClInclude Include="Color.h">
      <Filter>Utilities</Filter>
    </ClInclude>
    <ClInclude Include="EnemyAIComponent.h">
      <Filter>GameObject\Components</Filter>
    </ClInclude>
    <ClInclude Include="Rect.h">
      <Filter>Utilities</Filter>
    </ClInclude>
    <ClInclude Include="CollisionSystem.h">
      <Filter>Core</Filter>
    </ClInclude>
    <ClInclude Include="SpawnManager.h">
      <Filter>Core</Filter>
    </ClInclude>
    <ClInclude Include="EnemyBehavior.h">
      <Filter>GameObject\EnemyBehaviors</Filter>
    </ClInclude>
    <ClInclude Include="PlayerChaserBehavior.h">
      <Filter>GameObject\EnemyBehaviors</Filter>
    </ClInclude>
    <ClInclude Include="EnemyFloaterBehavior.h">
      <Filter>GameObject\EnemyBehaviors</Filter>
    </ClInclude>
    <ClInclude Include="Collider.h">
      <Filter>GameObject\Components</Filter>
    </ClInclude>
    <ClInclude Include="Macros.h">
      <Filter>Utilities</Filter>
    </ClInclude>
    <ClInclude Include="CollisionResponse.h">
      <Filter>GameObject\CollisionResponses</Filter>
    </ClInclude>
    <ClInclude Include="PlayerCollisionResponse.h">
      <Filter>GameObject\CollisionResponses</Filter>
    </ClInclude>
    <ClInclude Include="EnemyCollisionResponse.h">
      <Filter>GameObject\CollisionResponses</Filter>
    </ClInclude>
    <ClInclude Include="Collision.h">
      <Filter>GameObject\CollisionResponses</Filter>
    </ClInclude>
    <ClInclude Include="CharacterStats.h">
      <Filter>GameObject\Components</Filter>
    </ClInclude>
    <ClInclude Include="StringMerger.h">
      <Filter>Utilities</Filter>
    </ClInclude>
    <ClInclude Include="EventSystem.h">
      <Filter>Core\EventSystem</Filter>
    </ClInclude>
    <ClInclude Include="Event.h">
      <Filter>Core\EventSystem</Filter>
    </ClInclude>
    <ClInclude Include="EventListener.h">
      <Filter>Core\EventSystem</Filter>
    </ClInclude>
  </ItemGroup>
  <ItemGroup>
    <None Include="FragmentShader.glsl">
      <Filter>Assets\Shaders</Filter>
    </None>
    <None Include="VertexShader.glsl">
      <Filter>Assets\Shaders</Filter>
    </None>
  </ItemGroup>
  <ItemGroup>
    <Filter Include="Core">
      <UniqueIdentifier>{7503324c-c0d7-4a7c-add8-a60a22f76336}</UniqueIdentifier>
    </Filter>
    <Filter Include="Utilities">
      <UniqueIdentifier>{f12afab2-adb5-43b2-8fcd-26e8cd087f4e}</UniqueIdentifier>
    </Filter>
    <Filter Include="GameObject">
      <UniqueIdentifier>{6a9bded0-e138-44d4-982a-c5163286baaf}</UniqueIdentifier>
    </Filter>
    <Filter Include="GameObject\Components">
      <UniqueIdentifier>{0b390fb2-e2fa-461f-a12a-abbbb035784e}</UniqueIdentifier>
    </Filter>
    <Filter Include="CommandPattern">
      <UniqueIdentifier>{1c8f8f01-ce9d-4017-b82c-67c5dc41f94c}</UniqueIdentifier>
    </Filter>
    <Filter Include="Assets">
      <UniqueIdentifier>{8ac65065-7f6b-4eab-913c-d82fb978bdf0}</UniqueIdentifier>
    </Filter>
    <Filter Include="Assets\Shaders">
      <UniqueIdentifier>{56875c97-73b7-4beb-8b1b-5c995b344d00}</UniqueIdentifier>
    </Filter>
    <Filter Include="GameObject\EnemyBehaviors">
      <UniqueIdentifier>{a4d847e8-4dba-498e-94e9-aee1d6e0c852}</UniqueIdentifier>
    </Filter>
    <Filter Include="GameObject\CollisionResponses">
      <UniqueIdentifier>{1ebee2eb-55c8-4b47-89bd-f168da2d01e1}</UniqueIdentifier>
    </Filter>
    <Filter Include="Core\EventSystem">
      <UniqueIdentifier>{f7a7433c-f129-4d81-a2d3-7bbbdbe4d84c}</UniqueIdentifier>
    </Filter>
  </ItemGroup>
</Project>